
Microsoft Visual Studio Solution File, Format Version 12.00
# Visual Studio Version 17
VisualStudioVersion = 17.4.33110.190
MinimumVisualStudioVersion = 10.0.40219.1
Project("{FAE04EC0-301F-11D3-BF4B-00C04F79EFBC}") = "BoevKirill_Pacman", "BoevKirill_Pacman\BoevKirill_Pacman.csproj", "{08EFE613-4F9F-4CA5-852F-DD7D3925BCD5}"
EndProject
Global
	GlobalSection(SolutionConfigurationPlatforms) = preSolution
		Debug|Any CPU = Debug|Any CPU
		Release|Any CPU = Release|Any CPU
	EndGlobalSection
	GlobalSection(ProjectConfigurationPlatforms) = postSolution
		{08EFE613-4F9F-4CA5-852F-DD7D3925BCD5}.Debug|Any CPU.ActiveCfg = Debug|Any CPU
		{08EFE613-4F9F-4CA5-852F-DD7D3925BCD5}.Debug|Any CPU.Build.0 = Debug|Any CPU
		{08EFE613-4F9F-4CA5-852F-DD7D3925BCD5}.Release|Any CPU.ActiveCfg = Release|Any CPU
		{08EFE613-4F9F-4CA5-852F-DD7D3925BCD5}.Release|Any CPU.Build.0 = Release|Any CPU
	EndGlobalSection
	GlobalSection(SolutionProperties) = preSolution
		HideSolutionNode = FALSE
	EndGlobalSection
	GlobalSection(ExtensibilityGlobals) = postSolution
		SolutionGuid = {3FCBF203-4491-47E7-AA25-FA1FABE29E54}
	EndGlobalSection
EndGlobal
